PODS:
  - AppAuth (1.6.2):
    - AppAuth/Core (= 1.6.2)
    - AppAuth/ExternalUserAgent (= 1.6.2)
  - AppAuth/Core (1.6.2)
  - AppAuth/ExternalUserAgent (1.6.2):
    - AppAuth/Core
  - GoogleMaps (8.3.0):
    - GoogleMaps/Maps (= 8.3.0)
  - GoogleMaps/Base (8.3.0)
  - GoogleMaps/Maps (8.3.0):
    - GoogleMaps/Base
  - GooglePlaces (8.3.0)
  - GoogleSignIn (7.0.0):
    - AppAuth (~> 1.5)
    - GTMAppAuth (< 3.0, >= 1.3)
    - GTMSessionFetcher/Core (< 4.0, >= 1.1)
  - GTMAppAuth (2.0.0):
    - AppAuth/Core (~> 1.6)
    - GTMSessionFetcher/Core (< 4.0, >= 1.5)
  - GTMSessionFetcher/Core (3.2.0)
  - LineSDKSwift (5.11.0):
    - LineSDKSwift/Core (= 5.11.0)
  - LineSDKSwift/Core (5.11.0)
  - Realm (10.53.1):
    - Realm/Headers (= 10.53.1)
  - Realm/Headers (10.53.1)
  - RealmSwift (10.53.1):
    - Realm (= 10.53.1)

DEPENDENCIES:
  - GoogleMaps (= 8.3.0)
  - GooglePlaces (= 8.3.0)
  - GoogleSignIn
  - LineSDKSwift (~> 5.0)
  - RealmSwift

SPEC REPOS:
  trunk:
    - AppAuth
    - GoogleMaps
    - GooglePlaces
    - GoogleSignIn
    - GTMAppAuth
    - GTMSessionFetcher
    - LineSDKSwift
    - Realm
    - RealmSwift

SPEC CHECKSUMS:
  AppAuth: 3bb1d1cd9340bd09f5ed189fb00b1cc28e1e8570
  GoogleMaps: 54762190c9741867d03e4e4218672ab5a0a8096b
  GooglePlaces: b922e192c50994436900ef14d19f84971950250b
  GoogleSignIn: b232380cf495a429b8095d3178a8d5855b42e842
  GTMAppAuth: 99fb010047ba3973b7026e45393f51f27ab965ae
  GTMSessionFetcher: 41b9ef0b4c08a6db4b7eb51a21ae5183ec99a2c8
  LineSDKSwift: bfcf8ff6a94ac8e5becad608240e3801f7694857
  Realm: 82e4ea18703bf240dd443b5ceef68d6f9454ec49
  RealmSwift: 79a910911b6a5663b7570517c8237e3dbd2b0783

PODFILE CHECKSUM: c319fd16c17c6829990322bbe378eb896526575e

COCOAPODS: 1.15.2
