// !$*UTF8*$!
{
	archiveVersion = 1;
	classes = {
	};
	objectVersion = 56;
	objects = {

/* Begin PBXBuildFile section */
		310B58E12B47EE3000ACDE69 /* WaitViewController.swift in Sources */ = {isa = PBXBuildFile; fileRef = 310B58E02B47EE3000ACDE69 /* WaitViewController.swift */; };
		313A0BC52B440D8B0097BC66 /* Liberty.png in Resources */ = {isa = PBXBuildFile; fileRef = 313A0BC42B440D8B0097BC66 /* Liberty.png */; };
		31D0C0B52B3418C70049F6E1 /* RouteDetails.swift in Sources */ = {isa = PBXBuildFile; fileRef = 31D0C0B42B3418C70049F6E1 /* RouteDetails.swift */; };
		31D0C0B72B3592A90049F6E1 /* EndViewController.swift in Sources */ = {isa = PBXBuildFile; fileRef = 31D0C0B62B3592A90049F6E1 /* EndViewController.swift */; };
		31D0C0B92B3595590049F6E1 /* CircularProgressView.swift in Sources */ = {isa = PBXBuildFile; fileRef = 31D0C0B82B3595590049F6E1 /* CircularProgressView.swift */; };
		31DAB4332B46637700F04CF0 /* CareKit in Frameworks */ = {isa = PBXBuildFile; productRef = 31DAB4322B46637700F04CF0 /* CareKit */; };
		31DAB4352B46637700F04CF0 /* CareKitStore in Frameworks */ = {isa = PBXBuildFile; productRef = 31DAB4342B46637700F04CF0 /* CareKitStore */; };
		31DAB4372B46637700F04CF0 /* CareKitUI in Frameworks */ = {isa = PBXBuildFile; productRef = 31DAB4362B46637700F04CF0 /* CareKitUI */; };
		31E3658D2B493324002AFFCF /* Main.storyboard in Resources */ = {isa = PBXBuildFile; fileRef = 31E3658C2B493324002AFFCF /* Main.storyboard */; };
		31E7A2992B43DF630091BCF0 /* HealthKitDemoViewController.swift in Sources */ = {isa = PBXBuildFile; fileRef = 31E7A2982B43DF630091BCF0 /* HealthKitDemoViewController.swift */; };
		31E7A29B2B43E0600091BCF0 /* HealthKitDemo.storyboard in Resources */ = {isa = PBXBuildFile; fileRef = 31E7A29A2B43E0600091BCF0 /* HealthKitDemo.storyboard */; };
		31E7A29E2B43E2E50091BCF0 /* HealthAndCareKitHelp.swift in Sources */ = {isa = PBXBuildFile; fileRef = 31E7A29D2B43E2E50091BCF0 /* HealthAndCareKitHelp.swift */; };
		4107E2D6621EBECF55B2344B /* Pods_Fast_Walk.framework in Frameworks */ = {isa = PBXBuildFile; fileRef = DFB74AB246AFFBC37173D0E8 /* Pods_Fast_Walk.framework */; };
		824332A02B3991FB00D24094 /* randomWayPoint.swift in Sources */ = {isa = PBXBuildFile; fileRef = 8243329F2B3991FB00D24094 /* randomWayPoint.swift */; };
		824332A42B3AA8FA00D24094 /* DemoViewController.swift in Sources */ = {isa = PBXBuildFile; fileRef = 824332A32B3AA8FA00D24094 /* DemoViewController.swift */; };
		824332A62B3AA95000D24094 /* CustomInfoWindow.swift in Sources */ = {isa = PBXBuildFile; fileRef = 824332A52B3AA95000D24094 /* CustomInfoWindow.swift */; };
		826DEC1F2B35949300C0157F /* WayPointGeneration.swift in Sources */ = {isa = PBXBuildFile; fileRef = 826DEC1E2B35949300C0157F /* WayPointGeneration.swift */; };
		826DEC222B359E7A00C0157F /* CreateMarker.swift in Sources */ = {isa = PBXBuildFile; fileRef = 826DEC212B359E7A00C0157F /* CreateMarker.swift */; };
		828C32CF2B343367000C3F7F /* PlaceDetails.xib in Resources */ = {isa = PBXBuildFile; fileRef = 828C32CE2B343367000C3F7F /* PlaceDetails.xib */; };
		8291C57F2B47A0D20058AE71 /* ImageCache.swift in Sources */ = {isa = PBXBuildFile; fileRef = 8291C57C2B47A0D20058AE71 /* ImageCache.swift */; };
		8291C5802B47A0D20058AE71 /* WelcomViewController.swift in Sources */ = {isa = PBXBuildFile; fileRef = 8291C57D2B47A0D20058AE71 /* WelcomViewController.swift */; };
		8291C5812B47A0D20058AE71 /* LoginViewController.swift in Sources */ = {isa = PBXBuildFile; fileRef = 8291C57E2B47A0D20058AE71 /* LoginViewController.swift */; };
		8291C5902B47A47B0058AE71 /* Assets.xcassets 11-42-14-782.xcassets in Resources */ = {isa = PBXBuildFile; fileRef = 8291C58F2B47A47B0058AE71 /* Assets.xcassets 11-42-14-782.xcassets */; };
		8291C5932B47A4EB0058AE71 /* ViewController.swift in Sources */ = {isa = PBXBuildFile; fileRef = 8291C5922B47A4EB0058AE71 /* ViewController.swift */; };
		8291C5952B47A5290058AE71 /* AppDelegate.swift in Sources */ = {isa = PBXBuildFile; fileRef = 8291C5942B47A5290058AE71 /* AppDelegate.swift */; };
		82CD0D122B4818380027A327 /* EndScreenViewController.swift in Sources */ = {isa = PBXBuildFile; fileRef = 82CD0D112B4818380027A327 /* EndScreenViewController.swift */; };
		E070179A2B5A1A090068960A /* ChooseViewController.swift in Sources */ = {isa = PBXBuildFile; fileRef = E07017992B5A1A090068960A /* ChooseViewController.swift */; };
		B6CD4EE82B5A79C4004F0BDB /* PedometerDemo.swift in Sources */ = {isa = PBXBuildFile; fileRef = B6CD4EE72B5A79C4004F0BDB /* PedometerDemo.swift */; };
		E21292A32B16E61400796BE5 /* SceneDelegate.swift in Sources */ = {isa = PBXBuildFile; fileRef = E21292A22B16E61400796BE5 /* SceneDelegate.swift */; };
		E21292AD2B16E61D00796BE5 /* LaunchScreen.storyboard in Resources */ = {isa = PBXBuildFile; fileRef = E21292AB2B16E61D00796BE5 /* LaunchScreen.storyboard */; };
		E2C77FA92B32EE25000266E7 /* RouteViewController.swift in Sources */ = {isa = PBXBuildFile; fileRef = E2C77FA82B32EE24000266E7 /* RouteViewController.swift */; };
/* End PBXBuildFile section */

/* Begin PBXCopyFilesBuildPhase section */
		31E365892B492123002AFFCF /* Embed Frameworks */ = {
			isa = PBXCopyFilesBuildPhase;
			buildActionMask = 2147483647;
			dstPath = "";
			dstSubfolderSpec = 10;
			files = (
			);
			name = "Embed Frameworks";
			runOnlyForDeploymentPostprocessing = 0;
		};
/* End PBXCopyFilesBuildPhase section */

/* Begin PBXFileReference section */
		121B8DA9542DEE04D0CA56A5 /* Pods-Fast_Walk.debug.xcconfig */ = {isa = PBXFileReference; includeInIndex = 1; lastKnownFileType = text.xcconfig; name = "Pods-Fast_Walk.debug.xcconfig"; path = "Target Support Files/Pods-Fast_Walk/Pods-Fast_Walk.debug.xcconfig"; sourceTree = "<group>"; };
		310B58E02B47EE3000ACDE69 /* WaitViewController.swift */ = {isa = PBXFileReference; lastKnownFileType = sourcecode.swift; path = WaitViewController.swift; sourceTree = "<group>"; };
		313A0BC42B440D8B0097BC66 /* Liberty.png */ = {isa = PBXFileReference; lastKnownFileType = image.png; path = Liberty.png; sourceTree = "<group>"; };
		31D0C0B42B3418C70049F6E1 /* RouteDetails.swift */ = {isa = PBXFileReference; lastKnownFileType = sourcecode.swift; path = RouteDetails.swift; sourceTree = "<group>"; };
		31D0C0B62B3592A90049F6E1 /* EndViewController.swift */ = {isa = PBXFileReference; lastKnownFileType = sourcecode.swift; path = EndViewController.swift; sourceTree = "<group>"; };
		31D0C0B82B3595590049F6E1 /* CircularProgressView.swift */ = {isa = PBXFileReference; lastKnownFileType = sourcecode.swift; path = CircularProgressView.swift; sourceTree = "<group>"; };
		31E3658C2B493324002AFFCF /* Main.storyboard */ = {isa = PBXFileReference; fileEncoding = 4; lastKnownFileType = file.storyboard; path = Main.storyboard; sourceTree = "<group>"; };
		31E7A2982B43DF630091BCF0 /* HealthKitDemoViewController.swift */ = {isa = PBXFileReference; lastKnownFileType = sourcecode.swift; path = HealthKitDemoViewController.swift; sourceTree = "<group>"; };
		31E7A29A2B43E0600091BCF0 /* HealthKitDemo.storyboard */ = {isa = PBXFileReference; lastKnownFileType = file.storyboard; path = HealthKitDemo.storyboard; sourceTree = "<group>"; };
		31E7A29C2B43E1E40091BCF0 /* Fast_Walk.entitlements */ = {isa = PBXFileReference; lastKnownFileType = text.plist.entitlements; path = Fast_Walk.entitlements; sourceTree = "<group>"; };
		31E7A29D2B43E2E50091BCF0 /* HealthAndCareKitHelp.swift */ = {isa = PBXFileReference; lastKnownFileType = sourcecode.swift; path = HealthAndCareKitHelp.swift; sourceTree = "<group>"; };
		8243329F2B3991FB00D24094 /* randomWayPoint.swift */ = {isa = PBXFileReference; lastKnownFileType = sourcecode.swift; path = randomWayPoint.swift; sourceTree = "<group>"; };
		824332A32B3AA8FA00D24094 /* DemoViewController.swift */ = {isa = PBXFileReference; lastKnownFileType = sourcecode.swift; path = DemoViewController.swift; sourceTree = "<group>"; };
		824332A52B3AA95000D24094 /* CustomInfoWindow.swift */ = {isa = PBXFileReference; lastKnownFileType = sourcecode.swift; path = CustomInfoWindow.swift; sourceTree = "<group>"; };
		826DEC1E2B35949300C0157F /* WayPointGeneration.swift */ = {isa = PBXFileReference; lastKnownFileType = sourcecode.swift; path = WayPointGeneration.swift; sourceTree = "<group>"; };
		826DEC212B359E7A00C0157F /* CreateMarker.swift */ = {isa = PBXFileReference; lastKnownFileType = sourcecode.swift; path = CreateMarker.swift; sourceTree = "<group>"; };
		828C32CE2B343367000C3F7F /* PlaceDetails.xib */ = {isa = PBXFileReference; lastKnownFileType = file.xib; path = PlaceDetails.xib; sourceTree = "<group>"; };
		8291C57C2B47A0D20058AE71 /* ImageCache.swift */ = {isa = PBXFileReference; fileEncoding = 4; lastKnownFileType = sourcecode.swift; path = ImageCache.swift; sourceTree = "<group>"; };
		8291C57D2B47A0D20058AE71 /* WelcomViewController.swift */ = {isa = PBXFileReference; fileEncoding = 4; lastKnownFileType = sourcecode.swift; path = WelcomViewController.swift; sourceTree = "<group>"; };
		8291C57E2B47A0D20058AE71 /* LoginViewController.swift */ = {isa = PBXFileReference; fileEncoding = 4; lastKnownFileType = sourcecode.swift; path = LoginViewController.swift; sourceTree = "<group>"; };
		8291C58F2B47A47B0058AE71 /* Assets.xcassets 11-42-14-782.xcassets */ = {isa = PBXFileReference; lastKnownFileType = folder.assetcatalog; path = "Assets.xcassets 11-42-14-782.xcassets"; sourceTree = "<group>"; };
		8291C5922B47A4EB0058AE71 /* ViewController.swift */ = {isa = PBXFileReference; fileEncoding = 4; lastKnownFileType = sourcecode.swift; path = ViewController.swift; sourceTree = "<group>"; };
		8291C5942B47A5290058AE71 /* AppDelegate.swift */ = {isa = PBXFileReference; fileEncoding = 4; lastKnownFileType = sourcecode.swift; name = AppDelegate.swift; path = ../../../Documents/Fast_Walk/Fast_Walk/AppDelegate.swift; sourceTree = "<group>"; };
		82CD0D112B4818380027A327 /* EndScreenViewController.swift */ = {isa = PBXFileReference; fileEncoding = 4; lastKnownFileType = sourcecode.swift; path = EndScreenViewController.swift; sourceTree = "<group>"; };
		B08CDE77980212DCFCD7D2EE /* Pods-Fast_Walk.release.xcconfig */ = {isa = PBXFileReference; includeInIndex = 1; lastKnownFileType = text.xcconfig; name = "Pods-Fast_Walk.release.xcconfig"; path = "Target Support Files/Pods-Fast_Walk/Pods-Fast_Walk.release.xcconfig"; sourceTree = "<group>"; };
		B6CD4EE72B5A79C4004F0BDB /* PedometerDemo.swift */ = {isa = PBXFileReference; lastKnownFileType = sourcecode.swift; path = PedometerDemo.swift; sourceTree = "<group>"; };
		DFB74AB246AFFBC37173D0E8 /* Pods_Fast_Walk.framework */ = {isa = PBXFileReference; explicitFileType = wrapper.framework; includeInIndex = 0; path = Pods_Fast_Walk.framework; sourceTree = BUILT_PRODUCTS_DIR; };
		E07017992B5A1A090068960A /* ChooseViewController.swift */ = {isa = PBXFileReference; lastKnownFileType = sourcecode.swift; path = ChooseViewController.swift; sourceTree = "<group>"; };
		E0AE6E712B5A74DF005B31A9 /* NotoSansJP-Medium.ttf */ = {isa = PBXFileReference; lastKnownFileType = file; path = "NotoSansJP-Medium.ttf"; sourceTree = "<group>"; };
		E0AE6E722B5A74E0005B31A9 /* NotoSansJP-Regular.ttf */ = {isa = PBXFileReference; lastKnownFileType = file; path = "NotoSansJP-Regular.ttf"; sourceTree = "<group>"; };
		E0AE6E732B5A74E0005B31A9 /* NotoSansJP-Bold.ttf */ = {isa = PBXFileReference; lastKnownFileType = file; path = "NotoSansJP-Bold.ttf"; sourceTree = "<group>"; };
		E0AE6E742B5A7505005B31A9 /* sasaka logo4.png */ = {isa = PBXFileReference; lastKnownFileType = image.png; path = "sasaka logo4.png"; sourceTree = "<group>"; };
		E212929D2B16E61400796BE5 /* Fast_Walk.app */ = {isa = PBXFileReference; explicitFileType = wrapper.application; includeInIndex = 0; path = Fast_Walk.app; sourceTree = BUILT_PRODUCTS_DIR; };
		E21292A22B16E61400796BE5 /* SceneDelegate.swift */ = {isa = PBXFileReference; lastKnownFileType = sourcecode.swift; path = SceneDelegate.swift; sourceTree = "<group>"; };
		E21292AC2B16E61D00796BE5 /* Base */ = {isa = PBXFileReference; lastKnownFileType = file.storyboard; name = Base; path = Base.lproj/LaunchScreen.storyboard; sourceTree = "<group>"; };
		E21292AE2B16E61D00796BE5 /* Info.plist */ = {isa = PBXFileReference; lastKnownFileType = text.plist.xml; path = Info.plist; sourceTree = "<group>"; };
		E2C77FA82B32EE24000266E7 /* RouteViewController.swift */ = {isa = PBXFileReference; lastKnownFileType = sourcecode.swift; path = RouteViewController.swift; sourceTree = "<group>"; };
/* End PBXFileReference section */

/* Begin PBXFrameworksBuildPhase section */
		E212929A2B16E61400796BE5 /* Frameworks */ = {
			isa = PBXFrameworksBuildPhase;
			buildActionMask = 2147483647;
			files = (
				31DAB4332B46637700F04CF0 /* CareKit in Frameworks */,
				4107E2D6621EBECF55B2344B /* Pods_Fast_Walk.framework in Frameworks */,
				31DAB4372B46637700F04CF0 /* CareKitUI in Frameworks */,
				31DAB4352B46637700F04CF0 /* CareKitStore in Frameworks */,
			);
			runOnlyForDeploymentPostprocessing = 0;
		};
/* End PBXFrameworksBuildPhase section */

/* Begin PBXGroup section */
		31E7A2972B43DF460091BCF0 /* HealthKit demo */ = {
			isa = PBXGroup;
			children = (
				31E7A2982B43DF630091BCF0 /* HealthKitDemoViewController.swift */,
				82CD0D112B4818380027A327 /* EndScreenViewController.swift */,
				31E7A29D2B43E2E50091BCF0 /* HealthAndCareKitHelp.swift */,
				31E7A29A2B43E0600091BCF0 /* HealthKitDemo.storyboard */,
				B6CD4EE72B5A79C4004F0BDB /* PedometerDemo.swift */,
			);
			path = "HealthKit demo";
			sourceTree = "<group>";
		};
		47456ADD061A6FA386E001E1 /* Frameworks */ = {
			isa = PBXGroup;
			children = (
				DFB74AB246AFFBC37173D0E8 /* Pods_Fast_Walk.framework */,
			);
			name = Frameworks;
			sourceTree = "<group>";
		};
		826DEC202B3594B100C0157F /* waypoints & markers */ = {
			isa = PBXGroup;
			children = (
				826DEC1E2B35949300C0157F /* WayPointGeneration.swift */,
				8243329F2B3991FB00D24094 /* randomWayPoint.swift */,
				826DEC212B359E7A00C0157F /* CreateMarker.swift */,
			);
			path = "waypoints & markers";
			sourceTree = "<group>";
		};
		828C32D02B3434DE000C3F7F /* Pop-up demo */ = {
			isa = PBXGroup;
			children = (
				824332A52B3AA95000D24094 /* CustomInfoWindow.swift */,
				824332A32B3AA8FA00D24094 /* DemoViewController.swift */,
				828C32CE2B343367000C3F7F /* PlaceDetails.xib */,
			);
			path = "Pop-up demo";
			sourceTree = "<group>";
		};
		8291C57B2B47A0D20058AE71 /* Login */ = {
			isa = PBXGroup;
			children = (
				8291C57C2B47A0D20058AE71 /* ImageCache.swift */,
				8291C57D2B47A0D20058AE71 /* WelcomViewController.swift */,
				8291C57E2B47A0D20058AE71 /* LoginViewController.swift */,
				310B58E02B47EE3000ACDE69 /* WaitViewController.swift */,
			);
			path = Login;
			sourceTree = "<group>";
		};
		8291C5912B47A48F0058AE71 /* Assets */ = {
			isa = PBXGroup;
			children = (
				E0AE6E742B5A7505005B31A9 /* sasaka logo4.png */,
				E0AE6E712B5A74DF005B31A9 /* NotoSansJP-Medium.ttf */,
				E0AE6E732B5A74E0005B31A9 /* NotoSansJP-Bold.ttf */,
				E0AE6E722B5A74E0005B31A9 /* NotoSansJP-Regular.ttf */,
				313A0BC42B440D8B0097BC66 /* Liberty.png */,
				8291C58F2B47A47B0058AE71 /* Assets.xcassets 11-42-14-782.xcassets */,
			);
			path = Assets;
			sourceTree = "<group>";
		};
		D62A3AAF43BB5BE903725CE6 /* Pods */ = {
			isa = PBXGroup;
			children = (
				121B8DA9542DEE04D0CA56A5 /* Pods-Fast_Walk.debug.xcconfig */,
				B08CDE77980212DCFCD7D2EE /* Pods-Fast_Walk.release.xcconfig */,
			);
			path = Pods;
			sourceTree = "<group>";
		};
		E21292942B16E61400796BE5 = {
			isa = PBXGroup;
			children = (
				E212929F2B16E61400796BE5 /* Fast_Walk */,
				E212929E2B16E61400796BE5 /* Products */,
				D62A3AAF43BB5BE903725CE6 /* Pods */,
				47456ADD061A6FA386E001E1 /* Frameworks */,
			);
			sourceTree = "<group>";
		};
		E212929E2B16E61400796BE5 /* Products */ = {
			isa = PBXGroup;
			children = (
				E212929D2B16E61400796BE5 /* Fast_Walk.app */,
			);
			name = Products;
			sourceTree = "<group>";
		};
		E212929F2B16E61400796BE5 /* Fast_Walk */ = {
			isa = PBXGroup;
			children = (
				E25A7B7A2B47C41F00BC2C9B /* Route */,
				8291C57B2B47A0D20058AE71 /* Login */,
				31E7A29C2B43E1E40091BCF0 /* Fast_Walk.entitlements */,
				8291C5922B47A4EB0058AE71 /* ViewController.swift */,
				31E3658C2B493324002AFFCF /* Main.storyboard */,
				8291C5942B47A5290058AE71 /* AppDelegate.swift */,
				E21292A22B16E61400796BE5 /* SceneDelegate.swift */,
				E21292AB2B16E61D00796BE5 /* LaunchScreen.storyboard */,
				826DEC202B3594B100C0157F /* waypoints & markers */,
				828C32D02B3434DE000C3F7F /* Pop-up demo */,
				31E7A2972B43DF460091BCF0 /* HealthKit demo */,
				E21292AE2B16E61D00796BE5 /* Info.plist */,
				8291C5912B47A48F0058AE71 /* Assets */,
				E07017992B5A1A090068960A /* ChooseViewController.swift */,
			);
			path = Fast_Walk;
			sourceTree = "<group>";
		};
		E25A7B7A2B47C41F00BC2C9B /* Route */ = {
			isa = PBXGroup;
			children = (
				31D0C0B82B3595590049F6E1 /* CircularProgressView.swift */,
				31D0C0B42B3418C70049F6E1 /* RouteDetails.swift */,
				E2C77FA82B32EE24000266E7 /* RouteViewController.swift */,
				31D0C0B62B3592A90049F6E1 /* EndViewController.swift */,
			);
			path = Route;
			sourceTree = "<group>";
		};
/* End PBXGroup section */

/* Begin PBXNativeTarget section */
		E212929C2B16E61400796BE5 /* Fast_Walk */ = {
			isa = PBXNativeTarget;
			buildConfigurationList = E21292B12B16E61D00796BE5 /* Build configuration list for PBXNativeTarget "Fast_Walk" */;
			buildPhases = (
				C1929FE8BCFCBBA529692883 /* [CP] Check Pods Manifest.lock */,
				E21292992B16E61400796BE5 /* Sources */,
				E212929A2B16E61400796BE5 /* Frameworks */,
				E212929B2B16E61400796BE5 /* Resources */,
				6870750A98315C4536888E53 /* [CP] Copy Pods Resources */,
				3680B5ACC9B061B7E8F6FEB1 /* [CP] Embed Pods Frameworks */,
				31E365892B492123002AFFCF /* Embed Frameworks */,
			);
			buildRules = (
			);
			dependencies = (
			);
			name = Fast_Walk;
			packageProductDependencies = (
				31DAB4322B46637700F04CF0 /* CareKit */,
				31DAB4342B46637700F04CF0 /* CareKitStore */,
				31DAB4362B46637700F04CF0 /* CareKitUI */,
			);
			productName = Fast_Walk;
			productReference = E212929D2B16E61400796BE5 /* Fast_Walk.app */;
			productType = "com.apple.product-type.application";
		};
/* End PBXNativeTarget section */

/* Begin PBXProject section */
		E21292952B16E61400796BE5 /* Project object */ = {
			isa = PBXProject;
			attributes = {
				BuildIndependentTargetsInParallel = 1;
				LastSwiftUpdateCheck = 1400;
				LastUpgradeCheck = 1400;
				TargetAttributes = {
					E212929C2B16E61400796BE5 = {
						CreatedOnToolsVersion = 14.0;
					};
				};
			};
			buildConfigurationList = E21292982B16E61400796BE5 /* Build configuration list for PBXProject "Fast_Walk" */;
			compatibilityVersion = "Xcode 14.0";
			developmentRegion = en;
			hasScannedForEncodings = 0;
			knownRegions = (
				en,
				Base,
			);
			mainGroup = E21292942B16E61400796BE5;
			packageReferences = (
				31DAB4312B46637700F04CF0 /* XCRemoteSwiftPackageReference "CareKit" */,
			);
			productRefGroup = E212929E2B16E61400796BE5 /* Products */;
			projectDirPath = "";
			projectRoot = "";
			targets = (
				E212929C2B16E61400796BE5 /* Fast_Walk */,
			);
		};
/* End PBXProject section */

/* Begin PBXResourcesBuildPhase section */
		E212929B2B16E61400796BE5 /* Resources */ = {
			isa = PBXResourcesBuildPhase;
			buildActionMask = 2147483647;
			files = (
				31E3658D2B493324002AFFCF /* Main.storyboard in Resources */,
				313A0BC52B440D8B0097BC66 /* Liberty.png in Resources */,
				31E7A29B2B43E0600091BCF0 /* HealthKitDemo.storyboard in Resources */,
				828C32CF2B343367000C3F7F /* PlaceDetails.xib in Resources */,
				8291C5902B47A47B0058AE71 /* Assets.xcassets 11-42-14-782.xcassets in Resources */,
				E21292AD2B16E61D00796BE5 /* LaunchScreen.storyboard in Resources */,
			);
			runOnlyForDeploymentPostprocessing = 0;
		};
/* End PBXResourcesBuildPhase section */

/* Begin PBXShellScriptBuildPhase section */
		3680B5ACC9B061B7E8F6FEB1 /* [CP] Embed Pods Frameworks */ = {
			isa = PBXShellScriptBuildPhase;
			buildActionMask = 2147483647;
			files = (
			);
			inputFileListPaths = (
				"${PODS_ROOT}/Target Support Files/Pods-Fast_Walk/Pods-Fast_Walk-frameworks-${CONFIGURATION}-input-files.xcfilelist",
			);
			name = "[CP] Embed Pods Frameworks";
			outputFileListPaths = (
				"${PODS_ROOT}/Target Support Files/Pods-Fast_Walk/Pods-Fast_Walk-frameworks-${CONFIGURATION}-output-files.xcfilelist",
			);
			runOnlyForDeploymentPostprocessing = 0;
			shellPath = /bin/sh;
			shellScript = "\"${PODS_ROOT}/Target Support Files/Pods-Fast_Walk/Pods-Fast_Walk-frameworks.sh\"\n";
			showEnvVarsInLog = 0;
		};
		6870750A98315C4536888E53 /* [CP] Copy Pods Resources */ = {
			isa = PBXShellScriptBuildPhase;
			buildActionMask = 2147483647;
			files = (
			);
			inputFileListPaths = (
				"${PODS_ROOT}/Target Support Files/Pods-Fast_Walk/Pods-Fast_Walk-resources-${CONFIGURATION}-input-files.xcfilelist",
			);
			name = "[CP] Copy Pods Resources";
			outputFileListPaths = (
				"${PODS_ROOT}/Target Support Files/Pods-Fast_Walk/Pods-Fast_Walk-resources-${CONFIGURATION}-output-files.xcfilelist",
			);
			runOnlyForDeploymentPostprocessing = 0;
			shellPath = /bin/sh;
			shellScript = "\"${PODS_ROOT}/Target Support Files/Pods-Fast_Walk/Pods-Fast_Walk-resources.sh\"\n";
			showEnvVarsInLog = 0;
		};
		C1929FE8BCFCBBA529692883 /* [CP] Check Pods Manifest.lock */ = {
			isa = PBXShellScriptBuildPhase;
			buildActionMask = 2147483647;
			files = (
			);
			inputFileListPaths = (
			);
			inputPaths = (
				"${PODS_PODFILE_DIR_PATH}/Podfile.lock",
				"${PODS_ROOT}/Manifest.lock",
			);
			name = "[CP] Check Pods Manifest.lock";
			outputFileListPaths = (
			);
			outputPaths = (
				"$(DERIVED_FILE_DIR)/Pods-Fast_Walk-checkManifestLockResult.txt",
			);
			runOnlyForDeploymentPostprocessing = 0;
			shellPath = /bin/sh;
			shellScript = "diff \"${PODS_PODFILE_DIR_PATH}/Podfile.lock\" \"${PODS_ROOT}/Manifest.lock\" > /dev/null\nif [ $? != 0 ] ; then\n    # print error to STDERR\n    echo \"error: The sandbox is not in sync with the Podfile.lock. Run 'pod install' or update your CocoaPods installation.\" >&2\n    exit 1\nfi\n# This output is used by Xcode 'outputs' to avoid re-running this script phase.\necho \"SUCCESS\" > \"${SCRIPT_OUTPUT_FILE_0}\"\n";
			showEnvVarsInLog = 0;
		};
/* End PBXShellScriptBuildPhase section */

/* Begin PBXSourcesBuildPhase section */
		E21292992B16E61400796BE5 /* Sources */ = {
			isa = PBXSourcesBuildPhase;
			buildActionMask = 2147483647;
			files = (
				B6CD4EE82B5A79C4004F0BDB /* PedometerDemo.swift in Sources */,
				8291C5812B47A0D20058AE71 /* LoginViewController.swift in Sources */,
				8291C5932B47A4EB0058AE71 /* ViewController.swift in Sources */,
				8291C5952B47A5290058AE71 /* AppDelegate.swift in Sources */,
				824332A02B3991FB00D24094 /* randomWayPoint.swift in Sources */,
				826DEC222B359E7A00C0157F /* CreateMarker.swift in Sources */,
				310B58E12B47EE3000ACDE69 /* WaitViewController.swift in Sources */,
				8291C57F2B47A0D20058AE71 /* ImageCache.swift in Sources */,
				824332A62B3AA95000D24094 /* CustomInfoWindow.swift in Sources */,
				826DEC1F2B35949300C0157F /* WayPointGeneration.swift in Sources */,
				824332A42B3AA8FA00D24094 /* DemoViewController.swift in Sources */,
				31D0C0B92B3595590049F6E1 /* CircularProgressView.swift in Sources */,
				31D0C0B72B3592A90049F6E1 /* EndViewController.swift in Sources */,
				8291C5802B47A0D20058AE71 /* WelcomViewController.swift in Sources */,
				E070179A2B5A1A090068960A /* ChooseViewController.swift in Sources */,
				E2C77FA92B32EE25000266E7 /* RouteViewController.swift in Sources */,
				31E7A2992B43DF630091BCF0 /* HealthKitDemoViewController.swift in Sources */,
				31E7A29E2B43E2E50091BCF0 /* HealthAndCareKitHelp.swift in Sources */,
				31D0C0B52B3418C70049F6E1 /* RouteDetails.swift in Sources */,
				82CD0D122B4818380027A327 /* EndScreenViewController.swift in Sources */,
				E21292A32B16E61400796BE5 /* SceneDelegate.swift in Sources */,
			);
			runOnlyForDeploymentPostprocessing = 0;
		};
/* End PBXSourcesBuildPhase section */

/* Begin PBXVariantGroup section */
		E21292AB2B16E61D00796BE5 /* LaunchScreen.storyboard */ = {
			isa = PBXVariantGroup;
			children = (
				E21292AC2B16E61D00796BE5 /* Base */,
			);
			name = LaunchScreen.storyboard;
			sourceTree = "<group>";
		};
/* End PBXVariantGroup section */

/* Begin XCBuildConfiguration section */
		E21292AF2B16E61D00796BE5 /* Debug */ = {
			isa = XCBuildConfiguration;
			buildSettings = {
				ALWAYS_SEARCH_USER_PATHS = NO;
				CLANG_ANALYZER_NONNULL = YES;
				CLANG_ANALYZER_NUMBER_OBJECT_CONVERSION = YES_AGGRESSIVE;
				CLANG_CXX_LANGUAGE_STANDARD = "gnu++20";
				CLANG_ENABLE_MODULES = YES;
				CLANG_ENABLE_OBJC_ARC = YES;
				CLANG_ENABLE_OBJC_WEAK = YES;
				CLANG_WARN_BLOCK_CAPTURE_AUTORELEASING = YES;
				CLANG_WARN_BOOL_CONVERSION = YES;
				CLANG_WARN_COMMA = YES;
				CLANG_WARN_CONSTANT_CONVERSION = YES;
				CLANG_WARN_DEPRECATED_OBJC_IMPLEMENTATIONS = YES;
				CLANG_WARN_DIRECT_OBJC_ISA_USAGE = YES_ERROR;
				CLANG_WARN_DOCUMENTATION_COMMENTS = YES;
				CLANG_WARN_EMPTY_BODY = YES;
				CLANG_WARN_ENUM_CONVERSION = YES;
				CLANG_WARN_INFINITE_RECURSION = YES;
				CLANG_WARN_INT_CONVERSION = YES;
				CLANG_WARN_NON_LITERAL_NULL_CONVERSION = YES;
				CLANG_WARN_OBJC_IMPLICIT_RETAIN_SELF = YES;
				CLANG_WARN_OBJC_LITERAL_CONVERSION = YES;
				CLANG_WARN_OBJC_ROOT_CLASS = YES_ERROR;
				CLANG_WARN_QUOTED_INCLUDE_IN_FRAMEWORK_HEADER = YES;
				CLANG_WARN_RANGE_LOOP_ANALYSIS = YES;
				CLANG_WARN_STRICT_PROTOTYPES = YES;
				CLANG_WARN_SUSPICIOUS_MOVE = YES;
				CLANG_WARN_UNGUARDED_AVAILABILITY = YES_AGGRESSIVE;
				CLANG_WARN_UNREACHABLE_CODE = YES;
				CLANG_WARN__DUPLICATE_METHOD_MATCH = YES;
				COPY_PHASE_STRIP = NO;
				DEBUG_INFORMATION_FORMAT = dwarf;
				ENABLE_STRICT_OBJC_MSGSEND = YES;
				ENABLE_TESTABILITY = YES;
				GCC_C_LANGUAGE_STANDARD = gnu11;
				GCC_DYNAMIC_NO_PIC = NO;
				GCC_NO_COMMON_BLOCKS = YES;
				GCC_OPTIMIZATION_LEVEL = 0;
				GCC_PREPROCESSOR_DEFINITIONS = (
					"DEBUG=1",
					"$(inherited)",
				);
				GCC_WARN_64_TO_32_BIT_CONVERSION = YES;
				GCC_WARN_ABOUT_RETURN_TYPE = YES_ERROR;
				GCC_WARN_UNDECLARED_SELECTOR = YES;
				GCC_WARN_UNINITIALIZED_AUTOS = YES_AGGRESSIVE;
				GCC_WARN_UNUSED_FUNCTION = YES;
				GCC_WARN_UNUSED_VARIABLE = YES;
				IPHONEOS_DEPLOYMENT_TARGET = 16.0;
				MTL_ENABLE_DEBUG_INFO = INCLUDE_SOURCE;
				MTL_FAST_MATH = YES;
				ONLY_ACTIVE_ARCH = YES;
				SDKROOT = iphoneos;
				SWIFT_ACTIVE_COMPILATION_CONDITIONS = DEBUG;
				SWIFT_OPTIMIZATION_LEVEL = "-Onone";
			};
			name = Debug;
		};
		E21292B02B16E61D00796BE5 /* Release */ = {
			isa = XCBuildConfiguration;
			buildSettings = {
				ALWAYS_SEARCH_USER_PATHS = NO;
				CLANG_ANALYZER_NONNULL = YES;
				CLANG_ANALYZER_NUMBER_OBJECT_CONVERSION = YES_AGGRESSIVE;
				CLANG_CXX_LANGUAGE_STANDARD = "gnu++20";
				CLANG_ENABLE_MODULES = YES;
				CLANG_ENABLE_OBJC_ARC = YES;
				CLANG_ENABLE_OBJC_WEAK = YES;
				CLANG_WARN_BLOCK_CAPTURE_AUTORELEASING = YES;
				CLANG_WARN_BOOL_CONVERSION = YES;
				CLANG_WARN_COMMA = YES;
				CLANG_WARN_CONSTANT_CONVERSION = YES;
				CLANG_WARN_DEPRECATED_OBJC_IMPLEMENTATIONS = YES;
				CLANG_WARN_DIRECT_OBJC_ISA_USAGE = YES_ERROR;
				CLANG_WARN_DOCUMENTATION_COMMENTS = YES;
				CLANG_WARN_EMPTY_BODY = YES;
				CLANG_WARN_ENUM_CONVERSION = YES;
				CLANG_WARN_INFINITE_RECURSION = YES;
				CLANG_WARN_INT_CONVERSION = YES;
				CLANG_WARN_NON_LITERAL_NULL_CONVERSION = YES;
				CLANG_WARN_OBJC_IMPLICIT_RETAIN_SELF = YES;
				CLANG_WARN_OBJC_LITERAL_CONVERSION = YES;
				CLANG_WARN_OBJC_ROOT_CLASS = YES_ERROR;
				CLANG_WARN_QUOTED_INCLUDE_IN_FRAMEWORK_HEADER = YES;
				CLANG_WARN_RANGE_LOOP_ANALYSIS = YES;
				CLANG_WARN_STRICT_PROTOTYPES = YES;
				CLANG_WARN_SUSPICIOUS_MOVE = YES;
				CLANG_WARN_UNGUARDED_AVAILABILITY = YES_AGGRESSIVE;
				CLANG_WARN_UNREACHABLE_CODE = YES;
				CLANG_WARN__DUPLICATE_METHOD_MATCH = YES;
				COPY_PHASE_STRIP = NO;
				DEBUG_INFORMATION_FORMAT = "dwarf-with-dsym";
				ENABLE_NS_ASSERTIONS = NO;
				ENABLE_STRICT_OBJC_MSGSEND = YES;
				GCC_C_LANGUAGE_STANDARD = gnu11;
				GCC_NO_COMMON_BLOCKS = YES;
				GCC_WARN_64_TO_32_BIT_CONVERSION = YES;
				GCC_WARN_ABOUT_RETURN_TYPE = YES_ERROR;
				GCC_WARN_UNDECLARED_SELECTOR = YES;
				GCC_WARN_UNINITIALIZED_AUTOS = YES_AGGRESSIVE;
				GCC_WARN_UNUSED_FUNCTION = YES;
				GCC_WARN_UNUSED_VARIABLE = YES;
				IPHONEOS_DEPLOYMENT_TARGET = 16.0;
				MTL_ENABLE_DEBUG_INFO = NO;
				MTL_FAST_MATH = YES;
				SDKROOT = iphoneos;
				SWIFT_COMPILATION_MODE = wholemodule;
				SWIFT_OPTIMIZATION_LEVEL = "-O";
				VALIDATE_PRODUCT = YES;
			};
			name = Release;
		};
		E21292B22B16E61D00796BE5 /* Debug */ = {
			isa = XCBuildConfiguration;
			baseConfigurationReference = 121B8DA9542DEE04D0CA56A5 /* Pods-Fast_Walk.debug.xcconfig */;
			buildSettings = {
				ASSETCATALOG_COMPILER_APPICON_NAME = AppIcon;
				ASSETCATALOG_COMPILER_GLOBAL_ACCENT_COLOR_NAME = AccentColor;
				CODE_SIGN_ENTITLEMENTS = Fast_Walk/Fast_Walk.entitlements;
				CODE_SIGN_STYLE = Automatic;
				CURRENT_PROJECT_VERSION = 1;
				DEVELOPMENT_TEAM = C7H6C6723R;
				FRAMEWORK_SEARCH_PATHS = (
					"$(inherited)",
					"$(PROJECT_DIR)/Carthage/Build/iOS",
				);
				GENERATE_INFOPLIST_FILE = YES;
				INFOPLIST_FILE = Fast_Walk/Info.plist;
				INFOPLIST_KEY_NSHealthShareUsageDescription = "Please give us health data to try the health functionalities";
				INFOPLIST_KEY_NSLocationAlwaysAndWhenInUseUsageDescription = "We need your location to enhance your experience even when the app is in the background";
				INFOPLIST_KEY_NSLocationWhenInUseUsageDescription = "We need your location to show it on the map";
				INFOPLIST_KEY_UIApplicationSupportsIndirectInputEvents = YES;
				INFOPLIST_KEY_UILaunchStoryboardName = LaunchScreen;
				INFOPLIST_KEY_UIMainStoryboardFile = Main;
				INFOPLIST_KEY_UISupportedInterfaceOrientations_iPad = "UIInterfaceOrientationPortrait UIInterfaceOrientationPortraitUpsideDown UIInterfaceOrientationLandscapeLeft UIInterfaceOrientationLandscapeRight";
				INFOPLIST_KEY_UISupportedInterfaceOrientations_iPhone = "UIInterfaceOrientationPortrait UIInterfaceOrientationLandscapeLeft UIInterfaceOrientationLandscapeRight";
				IPHONEOS_DEPLOYMENT_TARGET = 15.0;
				LD_RUNPATH_SEARCH_PATHS = (
					"$(inherited)",
					"@executable_path/Frameworks",
				);
				MARKETING_VERSION = 1.0;
				PRODUCT_BUNDLE_IDENTIFIER = "app.jiaxu.zhao.Fast-Walk";
				PRODUCT_NAME = "$(TARGET_NAME)";
				SWIFT_EMIT_LOC_STRINGS = YES;
				SWIFT_VERSION = 5.0;
				TARGETED_DEVICE_FAMILY = "1,2";
			};
			name = Debug;
		};
		E21292B32B16E61D00796BE5 /* Release */ = {
			isa = XCBuildConfiguration;
			baseConfigurationReference = B08CDE77980212DCFCD7D2EE /* Pods-Fast_Walk.release.xcconfig */;
			buildSettings = {
				ASSETCATALOG_COMPILER_APPICON_NAME = AppIcon;
				ASSETCATALOG_COMPILER_GLOBAL_ACCENT_COLOR_NAME = AccentColor;
				CODE_SIGN_ENTITLEMENTS = Fast_Walk/Fast_Walk.entitlements;
				CODE_SIGN_STYLE = Automatic;
				CURRENT_PROJECT_VERSION = 1;
				DEVELOPMENT_TEAM = C7H6C6723R;
				FRAMEWORK_SEARCH_PATHS = (
					"$(inherited)",
					"$(PROJECT_DIR)/Carthage/Build/iOS",
				);
				GENERATE_INFOPLIST_FILE = YES;
				INFOPLIST_FILE = Fast_Walk/Info.plist;
				INFOPLIST_KEY_NSHealthShareUsageDescription = "Please give us health data to try the health functionalities";
				INFOPLIST_KEY_NSLocationAlwaysAndWhenInUseUsageDescription = "We need your location to enhance your experience even when the app is in the background";
				INFOPLIST_KEY_NSLocationWhenInUseUsageDescription = "We need your location to show it on the map";
				INFOPLIST_KEY_UIApplicationSupportsIndirectInputEvents = YES;
				INFOPLIST_KEY_UILaunchStoryboardName = LaunchScreen;
				INFOPLIST_KEY_UIMainStoryboardFile = Main;
				INFOPLIST_KEY_UISupportedInterfaceOrientations_iPad = "UIInterfaceOrientationPortrait UIInterfaceOrientationPortraitUpsideDown UIInterfaceOrientationLandscapeLeft UIInterfaceOrientationLandscapeRight";
				INFOPLIST_KEY_UISupportedInterfaceOrientations_iPhone = "UIInterfaceOrientationPortrait UIInterfaceOrientationLandscapeLeft UIInterfaceOrientationLandscapeRight";
				IPHONEOS_DEPLOYMENT_TARGET = 15.0;
				LD_RUNPATH_SEARCH_PATHS = (
					"$(inherited)",
					"@executable_path/Frameworks",
				);
				MARKETING_VERSION = 1.0;
				PRODUCT_BUNDLE_IDENTIFIER = "app.jiaxu.zhao.Fast-Walk";
				PRODUCT_NAME = "$(TARGET_NAME)";
				SWIFT_EMIT_LOC_STRINGS = YES;
				SWIFT_VERSION = 5.0;
				TARGETED_DEVICE_FAMILY = "1,2";
			};
			name = Release;
		};
/* End XCBuildConfiguration section */

/* Begin XCConfigurationList section */
		E21292982B16E61400796BE5 /* Build configuration list for PBXProject "Fast_Walk" */ = {
			isa = XCConfigurationList;
			buildConfigurations = (
				E21292AF2B16E61D00796BE5 /* Debug */,
				E21292B02B16E61D00796BE5 /* Release */,
			);
			defaultConfigurationIsVisible = 0;
			defaultConfigurationName = Release;
		};
		E21292B12B16E61D00796BE5 /* Build configuration list for PBXNativeTarget "Fast_Walk" */ = {
			isa = XCConfigurationList;
			buildConfigurations = (
				E21292B22B16E61D00796BE5 /* Debug */,
				E21292B32B16E61D00796BE5 /* Release */,
			);
			defaultConfigurationIsVisible = 0;
			defaultConfigurationName = Release;
		};
/* End XCConfigurationList section */

/* Begin XCRemoteSwiftPackageReference section */
		31DAB4312B46637700F04CF0 /* XCRemoteSwiftPackageReference "CareKit" */ = {
			isa = XCRemoteSwiftPackageReference;
			repositoryURL = "https://github.com/carekit-apple/CareKit.git";
			requirement = {
				kind = upToNextMajorVersion;
				minimumVersion = 2.0.2;
			};
		};
/* End XCRemoteSwiftPackageReference section */

/* Begin XCSwiftPackageProductDependency section */
		31DAB4322B46637700F04CF0 /* CareKit */ = {
			isa = XCSwiftPackageProductDependency;
			package = 31DAB4312B46637700F04CF0 /* XCRemoteSwiftPackageReference "CareKit" */;
			productName = CareKit;
		};
		31DAB4342B46637700F04CF0 /* CareKitStore */ = {
			isa = XCSwiftPackageProductDependency;
			package = 31DAB4312B46637700F04CF0 /* XCRemoteSwiftPackageReference "CareKit" */;
			productName = CareKitStore;
		};
		31DAB4362B46637700F04CF0 /* CareKitUI */ = {
			isa = XCSwiftPackageProductDependency;
			package = 31DAB4312B46637700F04CF0 /* XCRemoteSwiftPackageReference "CareKit" */;
			productName = CareKitUI;
		};
/* End XCSwiftPackageProductDependency section */
	};
	rootObject = E21292952B16E61400796BE5 /* Project object */;
}
